
Microsoft Visual Studio Solution File, Format Version 12.00
# Visual Studio Version 17
VisualStudioVersion = 17.5.33424.131
MinimumVisualStudioVersion = 10.0.40219.1
Project("{FAE04EC0-301F-11D3-BF4B-00C04F79EFBC}") = "FundamentoCSHARP", "FundamentoCSHARP\FundamentoCSHARP.csproj", "{ED239920-0B98-4F0D-9045-55A61BD1FDD1}"
EndProject
Global
	GlobalSection(SolutionConfigurationPlatforms) = preSolution
		Debug|Any CPU = Debug|Any CPU
		Release|Any CPU = Release|Any CPU
	EndGlobalSection
	GlobalSection(ProjectConfigurationPlatforms) = postSolution
		{ED239920-0B98-4F0D-9045-55A61BD1FDD1}.Debug|Any CPU.ActiveCfg = Debug|Any CPU
		{ED239920-0B98-4F0D-9045-55A61BD1FDD1}.Debug|Any CPU.Build.0 = Debug|Any CPU
		{ED239920-0B98-4F0D-9045-55A61BD1FDD1}.Release|Any CPU.ActiveCfg = Release|Any CPU
		{ED239920-0B98-4F0D-9045-55A61BD1FDD1}.Release|Any CPU.Build.0 = Release|Any CPU
	EndGlobalSection
	GlobalSection(SolutionProperties) = preSolution
		HideSolutionNode = FALSE
	EndGlobalSection
	GlobalSection(ExtensibilityGlobals) = postSolution
		SolutionGuid = {094F0575-D665-4F83-BDC4-65BDB91DAE5C}
	EndGlobalSection
EndGlobal
